<Solution>
  <Folder Name="/docs/">
    <File Path="logo.jpg" />
    <File Path="README.md" />
    <File Path="README_Simple.md" />
    <File Path="README_zh_cn.md" />
  </Folder>
  <Folder Name="/TESTS/">
    <Project Path="TESTS/all_basic_tests/all_basic_tests.csproj" />
  </Folder>
  <Project Path="Vorcyc.Quiver/Vorcyc.Quiver.csproj" />
</Solution>
